
Microsoft Visual Studio Solution File, Format Version 12.00
# Visual Studio Version 17
VisualStudioVersion = 17.7.34018.315
MinimumVisualStudioVersion = 10.0.40219.1
Project("{FAE04EC0-301F-11D3-BF4B-00C04F79EFBC}") = "BummerFix", "BummerFix\BummerFix.csproj", "{FDA81429-EC9A-411B-9AC4-C89DB0CED428}"
EndProject
Global
	GlobalSection(SolutionConfigurationPlatforms) = preSolution
		Debug|Any CPU = Debug|Any CPU
		Release|Any CPU = Release|Any CPU
	EndGlobalSection
	GlobalSection(ProjectConfigurationPlatforms) = postSolution
		{FDA81429-EC9A-411B-9AC4-C89DB0CED428}.Debug|Any CPU.ActiveCfg = Debug|Any CPU
		{FDA81429-EC9A-411B-9AC4-C89DB0CED428}.Debug|Any CPU.Build.0 = Debug|Any CPU
		{FDA81429-EC9A-411B-9AC4-C89DB0CED428}.Release|Any CPU.ActiveCfg = Release|Any CPU
		{FDA81429-EC9A-411B-9AC4-C89DB0CED428}.Release|Any CPU.Build.0 = Release|Any CPU
	EndGlobalSection
	GlobalSection(SolutionProperties) = preSolution
		HideSolutionNode = FALSE
	EndGlobalSection
	GlobalSection(ExtensibilityGlobals) = postSolution
		SolutionGuid = {F06232C0-2158-41EB-AA69-3896585544E7}
	EndGlobalSection
EndGlobal
